
Microsoft Visual Studio Solution File, Format Version 12.00
# Visual Studio 15
VisualStudioVersion = 15.0.28010.2046
MinimumVisualStudioVersion = 10.0.40219.1
Project("{FAE04EC0-301F-11D3-BF4B-00C04F79EFBC}") = "RaceTracker", "RaceTracker\RaceTracker.csproj", "{301FE33C-2D9F-47C4-8289-15AD803EB859}"
EndProject
Global
	GlobalSection(SolutionConfigurationPlatforms) = preSolution
		Debug|Any CPU = Debug|Any CPU
		Release|Any CPU = Release|Any CPU
	EndGlobalSection
	GlobalSection(ProjectConfigurationPlatforms) = postSolution
		{301FE33C-2D9F-47C4-8289-15AD803EB859}.Debug|Any CPU.ActiveCfg = Debug|Any CPU
		{301FE33C-2D9F-47C4-8289-15AD803EB859}.Debug|Any CPU.Build.0 = Debug|Any CPU
		{301FE33C-2D9F-47C4-8289-15AD803EB859}.Release|Any CPU.ActiveCfg = Release|Any CPU
		{301FE33C-2D9F-47C4-8289-15AD803EB859}.Release|Any CPU.Build.0 = Release|Any CPU
	EndGlobalSection
	GlobalSection(SolutionProperties) = preSolution
		HideSolutionNode = FALSE
	EndGlobalSection
	GlobalSection(ExtensibilityGlobals) = postSolution
		SolutionGuid = {639ABE9B-B8B4-4684-89C6-A81199307C93}
	EndGlobalSection
EndGlobal
